
Microsoft Visual Studio Solution File, Format Version 12.00
# Visual Studio Version 17
VisualStudioVersion = 17.11.35312.102
MinimumVisualStudioVersion = 10.0.40219.1
Project("{8BC9CEB8-8B4A-11D0-8D11-00A0C91BC942}") = "CA2_MichaelAtagamen", "CA2_MichaelAtagamen.vcxproj", "{F42BB754-C14B-4CB3-AF18-B81EA5862D6B}"
EndProject
Global
	GlobalSection(SolutionConfigurationPlatforms) = preSolution
		Debug|x64 = Debug|x64
		Debug|x86 = Debug|x86
		Release|x64 = Release|x64
		Release|x86 = Release|x86
	EndGlobalSection
	GlobalSection(ProjectConfigurationPlatforms) = postSolution
		{F42BB754-C14B-4CB3-AF18-B81EA5862D6B}.Debug|x64.ActiveCfg = Debug|x64
		{F42BB754-C14B-4CB3-AF18-B81EA5862D6B}.Debug|x64.Build.0 = Debug|x64
		{F42BB754-C14B-4CB3-AF18-B81EA5862D6B}.Debug|x86.ActiveCfg = Debug|Win32
		{F42BB754-C14B-4CB3-AF18-B81EA5862D6B}.Debug|x86.Build.0 = Debug|Win32
		{F42BB754-C14B-4CB3-AF18-B81EA5862D6B}.Release|x64.ActiveCfg = Release|x64
		{F42BB754-C14B-4CB3-AF18-B81EA5862D6B}.Release|x64.Build.0 = Release|x64
		{F42BB754-C14B-4CB3-AF18-B81EA5862D6B}.Release|x86.ActiveCfg = Release|Win32
		{F42BB754-C14B-4CB3-AF18-B81EA5862D6B}.Release|x86.Build.0 = Release|Win32
	EndGlobalSection
	GlobalSection(SolutionProperties) = preSolution
		HideSolutionNode = FALSE
	EndGlobalSection
	GlobalSection(ExtensibilityGlobals) = postSolution
		SolutionGuid = {FA50D615-1FF4-4483-804B-580F3EADCE38}
	EndGlobalSection
EndGlobal
